
Microsoft Visual Studio Solution File, Format Version 12.00
# Visual Studio Version 16
VisualStudioVersion = 16.0.31729.503
MinimumVisualStudioVersion = 10.0.40219.1
Project("{8BC9CEB8-8B4A-11D0-8D11-00A0C91BC942}") = "SocketServer", "server\server.vcxproj", "{75DCCE27-FA75-409F-AED2-1873C4F0A74C}"
EndProject
Project("{2150E333-8FDC-42A3-9474-1A3956D46DE8}") = "Serverr", "Serverr", "{9B721BB6-254D-48D8-B140-E08B63932887}"
EndProject
Project("{2150E333-8FDC-42A3-9474-1A3956D46DE8}") = "echo", "echo", "{0987765B-A46A-46E8-B5F4-B1277E40E267}"
EndProject
Project("{8BC9CEB8-8B4A-11D0-8D11-00A0C91BC942}") = "SocketClient", "SocketClient\SocketClient.vcxproj", "{2F796C51-DB45-406A-8F19-20A9E4475A8E}"
EndProject
Project("{2150E333-8FDC-42A3-9474-1A3956D46DE8}") = "chat", "chat", "{A719FAC6-885B-4C3B-BC46-F4D37CF40D0A}"
EndProject
Project("{8BC9CEB8-8B4A-11D0-8D11-00A0C91BC942}") = "ClientChatting", "ClientChatting\ClientChatting.vcxproj", "{3336855F-4890-490A-9FF5-D6309EFC908C}"
EndProject
Project("{8BC9CEB8-8B4A-11D0-8D11-00A0C91BC942}") = "ServerChatting", "ServerChatting\ServerChatting.vcxproj", "{99D3DCBE-002D-4C89-943E-59308694FAB7}"
EndProject
Global
	GlobalSection(SolutionConfigurationPlatforms) = preSolution
		Debug|x64 = Debug|x64
		Debug|x86 = Debug|x86
		Release|x64 = Release|x64
		Release|x86 = Release|x86
	EndGlobalSection
	GlobalSection(ProjectConfigurationPlatforms) = postSolution
		{75DCCE27-FA75-409F-AED2-1873C4F0A74C}.Debug|x64.ActiveCfg = Debug|x64
		{75DCCE27-FA75-409F-AED2-1873C4F0A74C}.Debug|x64.Build.0 = Debug|x64
		{75DCCE27-FA75-409F-AED2-1873C4F0A74C}.Debug|x86.ActiveCfg = Debug|Win32
		{75DCCE27-FA75-409F-AED2-1873C4F0A74C}.Debug|x86.Build.0 = Debug|Win32
		{75DCCE27-FA75-409F-AED2-1873C4F0A74C}.Release|x64.ActiveCfg = Release|x64
		{75DCCE27-FA75-409F-AED2-1873C4F0A74C}.Release|x64.Build.0 = Release|x64
		{75DCCE27-FA75-409F-AED2-1873C4F0A74C}.Release|x86.ActiveCfg = Release|Win32
		{75DCCE27-FA75-409F-AED2-1873C4F0A74C}.Release|x86.Build.0 = Release|Win32
		{2F796C51-DB45-406A-8F19-20A9E4475A8E}.Debug|x64.ActiveCfg = Debug|x64
		{2F796C51-DB45-406A-8F19-20A9E4475A8E}.Debug|x64.Build.0 = Debug|x64
		{2F796C51-DB45-406A-8F19-20A9E4475A8E}.Debug|x86.ActiveCfg = Debug|Win32
		{2F796C51-DB45-406A-8F19-20A9E4475A8E}.Debug|x86.Build.0 = Debug|Win32
		{2F796C51-DB45-406A-8F19-20A9E4475A8E}.Release|x64.ActiveCfg = Release|x64
		{2F796C51-DB45-406A-8F19-20A9E4475A8E}.Release|x64.Build.0 = Release|x64
		{2F796C51-DB45-406A-8F19-20A9E4475A8E}.Release|x86.ActiveCfg = Release|Win32
		{2F796C51-DB45-406A-8F19-20A9E4475A8E}.Release|x86.Build.0 = Release|Win32
		{3336855F-4890-490A-9FF5-D6309EFC908C}.Debug|x64.ActiveCfg = Debug|x64
		{3336855F-4890-490A-9FF5-D6309EFC908C}.Debug|x64.Build.0 = Debug|x64
		{3336855F-4890-490A-9FF5-D6309EFC908C}.Debug|x86.ActiveCfg = Debug|Win32
		{3336855F-4890-490A-9FF5-D6309EFC908C}.Debug|x86.Build.0 = Debug|Win32
		{3336855F-4890-490A-9FF5-D6309EFC908C}.Release|x64.ActiveCfg = Release|x64
		{3336855F-4890-490A-9FF5-D6309EFC908C}.Release|x64.Build.0 = Release|x64
		{3336855F-4890-490A-9FF5-D6309EFC908C}.Release|x86.ActiveCfg = Release|Win32
		{3336855F-4890-490A-9FF5-D6309EFC908C}.Release|x86.Build.0 = Release|Win32
		{99D3DCBE-002D-4C89-943E-59308694FAB7}.Debug|x64.ActiveCfg = Debug|x64
		{99D3DCBE-002D-4C89-943E-59308694FAB7}.Debug|x64.Build.0 = Debug|x64
		{99D3DCBE-002D-4C89-943E-59308694FAB7}.Debug|x86.ActiveCfg = Debug|Win32
		{99D3DCBE-002D-4C89-943E-59308694FAB7}.Debug|x86.Build.0 = Debug|Win32
		{99D3DCBE-002D-4C89-943E-59308694FAB7}.Release|x64.ActiveCfg = Release|x64
		{99D3DCBE-002D-4C89-943E-59308694FAB7}.Release|x64.Build.0 = Release|x64
		{99D3DCBE-002D-4C89-943E-59308694FAB7}.Release|x86.ActiveCfg = Release|Win32
		{99D3DCBE-002D-4C89-943E-59308694FAB7}.Release|x86.Build.0 = Release|Win32
	EndGlobalSection
	GlobalSection(SolutionProperties) = preSolution
		HideSolutionNode = FALSE
	EndGlobalSection
	GlobalSection(NestedProjects) = preSolution
		{75DCCE27-FA75-409F-AED2-1873C4F0A74C} = {0987765B-A46A-46E8-B5F4-B1277E40E267}
		{0987765B-A46A-46E8-B5F4-B1277E40E267} = {9B721BB6-254D-48D8-B140-E08B63932887}
		{2F796C51-DB45-406A-8F19-20A9E4475A8E} = {0987765B-A46A-46E8-B5F4-B1277E40E267}
		{A719FAC6-885B-4C3B-BC46-F4D37CF40D0A} = {9B721BB6-254D-48D8-B140-E08B63932887}
		{3336855F-4890-490A-9FF5-D6309EFC908C} = {A719FAC6-885B-4C3B-BC46-F4D37CF40D0A}
		{99D3DCBE-002D-4C89-943E-59308694FAB7} = {A719FAC6-885B-4C3B-BC46-F4D37CF40D0A}
	EndGlobalSection
	GlobalSection(ExtensibilityGlobals) = postSolution
		SolutionGuid = {209ECAB4-94B5-497E-BFEB-C40B1AE46185}
	EndGlobalSection
EndGlobal
